
Microsoft Visual Studio Solution File, Format Version 12.00
# Visual Studio Version 17
VisualStudioVersion = 17.6.33723.286
MinimumVisualStudioVersion = 10.0.40219.1
Project("{FAE04EC0-301F-11D3-BF4B-00C04F79EFBC}") = "Datos", "Datos\Datos.csproj", "{5CC1D00F-AD83-47AD-AD7B-BFD6ED6EB772}"
EndProject
Project("{FAE04EC0-301F-11D3-BF4B-00C04F79EFBC}") = "Entidad", "Entidad\Entidad.csproj", "{32BE151C-2B13-4002-8BE6-56AE82FB47A0}"
EndProject
Project("{FAE04EC0-301F-11D3-BF4B-00C04F79EFBC}") = "Logica", "Logica\Logica.csproj", "{4E6488D2-D8E1-4115-9312-FD4C735F2C03}"
EndProject
Project("{FAE04EC0-301F-11D3-BF4B-00C04F79EFBC}") = "Presentacion", "Presentacion\Presentacion.csproj", "{8DEAFBA1-E267-465A-8D88-F50CA5496AC4}"
EndProject
Project("{FAE04EC0-301F-11D3-BF4B-00C04F79EFBC}") = "Pruebas", "PruebasUnitarias\Pruebas.csproj", "{649ADB49-8EAF-4811-88B7-6015AC7055F2}"
EndProject
Global
	GlobalSection(SolutionConfigurationPlatforms) = preSolution
		Debug|Any CPU = Debug|Any CPU
		Release|Any CPU = Release|Any CPU
	EndGlobalSection
	GlobalSection(ProjectConfigurationPlatforms) = postSolution
		{5CC1D00F-AD83-47AD-AD7B-BFD6ED6EB772}.Debug|Any CPU.ActiveCfg = Debug|Any CPU
		{5CC1D00F-AD83-47AD-AD7B-BFD6ED6EB772}.Debug|Any CPU.Build.0 = Debug|Any CPU
		{5CC1D00F-AD83-47AD-AD7B-BFD6ED6EB772}.Release|Any CPU.ActiveCfg = Release|Any CPU
		{5CC1D00F-AD83-47AD-AD7B-BFD6ED6EB772}.Release|Any CPU.Build.0 = Release|Any CPU
		{32BE151C-2B13-4002-8BE6-56AE82FB47A0}.Debug|Any CPU.ActiveCfg = Debug|Any CPU
		{32BE151C-2B13-4002-8BE6-56AE82FB47A0}.Debug|Any CPU.Build.0 = Debug|Any CPU
		{32BE151C-2B13-4002-8BE6-56AE82FB47A0}.Release|Any CPU.ActiveCfg = Release|Any CPU
		{32BE151C-2B13-4002-8BE6-56AE82FB47A0}.Release|Any CPU.Build.0 = Release|Any CPU
		{4E6488D2-D8E1-4115-9312-FD4C735F2C03}.Debug|Any CPU.ActiveCfg = Debug|Any CPU
		{4E6488D2-D8E1-4115-9312-FD4C735F2C03}.Debug|Any CPU.Build.0 = Debug|Any CPU
		{4E6488D2-D8E1-4115-9312-FD4C735F2C03}.Release|Any CPU.ActiveCfg = Release|Any CPU
		{4E6488D2-D8E1-4115-9312-FD4C735F2C03}.Release|Any CPU.Build.0 = Release|Any CPU
		{8DEAFBA1-E267-465A-8D88-F50CA5496AC4}.Debug|Any CPU.ActiveCfg = Debug|Any CPU
		{8DEAFBA1-E267-465A-8D88-F50CA5496AC4}.Debug|Any CPU.Build.0 = Debug|Any CPU
		{8DEAFBA1-E267-465A-8D88-F50CA5496AC4}.Release|Any CPU.ActiveCfg = Release|Any CPU
		{8DEAFBA1-E267-465A-8D88-F50CA5496AC4}.Release|Any CPU.Build.0 = Release|Any CPU
		{649ADB49-8EAF-4811-88B7-6015AC7055F2}.Debug|Any CPU.ActiveCfg = Debug|Any CPU
		{649ADB49-8EAF-4811-88B7-6015AC7055F2}.Debug|Any CPU.Build.0 = Debug|Any CPU
		{649ADB49-8EAF-4811-88B7-6015AC7055F2}.Release|Any CPU.ActiveCfg = Release|Any CPU
		{649ADB49-8EAF-4811-88B7-6015AC7055F2}.Release|Any CPU.Build.0 = Release|Any CPU
	EndGlobalSection
	GlobalSection(SolutionProperties) = preSolution
		HideSolutionNode = FALSE
	EndGlobalSection
	GlobalSection(ExtensibilityGlobals) = postSolution
		SolutionGuid = {66951A85-5B64-4C48-8113-270E1A309CA8}
	EndGlobalSection
EndGlobal
